
Microsoft Visual Studio Solution File, Format Version 12.00
# Visual Studio Version 17
VisualStudioVersion = 17.2.32630.192
MinimumVisualStudioVersion = 10.0.40219.1
Project("{9A19103F-16F7-4668-BE54-9A1E7A4F7556}") = "ApiCityEvents", "ApiCityEvents\ApiCityEvents.csproj", "{75DE3C2D-4F69-4CD3-B05F-707E9DD9444C}"
EndProject
Project("{9A19103F-16F7-4668-BE54-9A1E7A4F7556}") = "ApiCityEvents.Core", "ApiCityEvents.Core\ApiCityEvents.Core.csproj", "{5D4BF4AB-22BC-405B-97EE-94B38D7DE820}"
EndProject
Project("{FAE04EC0-301F-11D3-BF4B-00C04F79EFBC}") = "ApiCityEvents.Data", "ApiCityEvents.Data\ApiCityEvents.Data.csproj", "{A0602BB6-3592-4FF4-A146-493464133467}"
EndProject
Global
	GlobalSection(SolutionConfigurationPlatforms) = preSolution
		Debug|Any CPU = Debug|Any CPU
		Release|Any CPU = Release|Any CPU
	EndGlobalSection
	GlobalSection(ProjectConfigurationPlatforms) = postSolution
		{75DE3C2D-4F69-4CD3-B05F-707E9DD9444C}.Debug|Any CPU.ActiveCfg = Debug|Any CPU
		{75DE3C2D-4F69-4CD3-B05F-707E9DD9444C}.Debug|Any CPU.Build.0 = Debug|Any CPU
		{75DE3C2D-4F69-4CD3-B05F-707E9DD9444C}.Release|Any CPU.ActiveCfg = Release|Any CPU
		{75DE3C2D-4F69-4CD3-B05F-707E9DD9444C}.Release|Any CPU.Build.0 = Release|Any CPU
		{5D4BF4AB-22BC-405B-97EE-94B38D7DE820}.Debug|Any CPU.ActiveCfg = Debug|Any CPU
		{5D4BF4AB-22BC-405B-97EE-94B38D7DE820}.Debug|Any CPU.Build.0 = Debug|Any CPU
		{5D4BF4AB-22BC-405B-97EE-94B38D7DE820}.Release|Any CPU.ActiveCfg = Release|Any CPU
		{5D4BF4AB-22BC-405B-97EE-94B38D7DE820}.Release|Any CPU.Build.0 = Release|Any CPU
		{A0602BB6-3592-4FF4-A146-493464133467}.Debug|Any CPU.ActiveCfg = Debug|Any CPU
		{A0602BB6-3592-4FF4-A146-493464133467}.Debug|Any CPU.Build.0 = Debug|Any CPU
		{A0602BB6-3592-4FF4-A146-493464133467}.Release|Any CPU.ActiveCfg = Release|Any CPU
		{A0602BB6-3592-4FF4-A146-493464133467}.Release|Any CPU.Build.0 = Release|Any CPU
	EndGlobalSection
	GlobalSection(SolutionProperties) = preSolution
		HideSolutionNode = FALSE
	EndGlobalSection
	GlobalSection(ExtensibilityGlobals) = postSolution
		SolutionGuid = {30F883F3-29E5-4B62-BD61-03414AF794B5}
	EndGlobalSection
EndGlobal
